// !$*UTF8*$!
{
	archiveVersion = 1;
	classes = {
	};
	objectVersion = 50;
	objects = {

/* Begin PBXBuildFile section */
		08EC5D7F21021D8F006C54FE /* AppDelegate.swift in Sources */ = {isa = PBXBuildFile; fileRef = 08EC5D7E21021D8F006C54FE /* AppDelegate.swift */; };
		08EC5D8121021D8F006C54FE /* ViewController.swift in Sources */ = {isa = PBXBuildFile; fileRef = 08EC5D8021021D8F006C54FE /* ViewController.swift */; };
		08EC5D8421021D8F006C54FE /* Main.storyboard in Resources */ = {isa = PBXBuildFile; fileRef = 08EC5D8221021D8F006C54FE /* Main.storyboard */; };
		08EC5D8721021D8F006C54FE /* myo_youtube.xcdatamodeld in Sources */ = {isa = PBXBuildFile; fileRef = 08EC5D8521021D8F006C54FE /* myo_youtube.xcdatamodeld */; };
		08EC5D8921021D91006C54FE /* Assets.xcassets in Resources */ = {isa = PBXBuildFile; fileRef = 08EC5D8821021D91006C54FE /* Assets.xcassets */; };
		08EC5D8C21021D91006C54FE /* LaunchScreen.storyboard in Resources */ = {isa = PBXBuildFile; fileRef = 08EC5D8A21021D91006C54FE /* LaunchScreen.storyboard */; };
		59BAC604B8A8F70B97118D44 /* Pods_myo_youtube.framework in Frameworks */ = {isa = PBXBuildFile; fileRef = 624C7C87B8CAC4CECC735C3E /* Pods_myo_youtube.framework */; };
/* End PBXBuildFile section */

/* Begin PBXFileReference section */
		08EC5D7B21021D8F006C54FE /* myo-youtube.app */ = {isa = PBXFileReference; explicitFileType = wrapper.application; includeInIndex = 0; path = "myo-youtube.app"; sourceTree = BUILT_PRODUCTS_DIR; };
		08EC5D7E21021D8F006C54FE /* AppDelegate.swift */ = {isa = PBXFileReference; lastKnownFileType = sourcecode.swift; path = AppDelegate.swift; sourceTree = "<group>"; };
		08EC5D8021021D8F006C54FE /* ViewController.swift */ = {isa = PBXFileReference; lastKnownFileType = sourcecode.swift; path = ViewController.swift; sourceTree = "<group>"; };
		08EC5D8321021D8F006C54FE /* Base */ = {isa = PBXFileReference; lastKnownFileType = file.storyboard; name = Base; path = Base.lproj/Main.storyboard; sourceTree = "<group>"; };
		08EC5D8621021D8F006C54FE /* myo_youtube.xcdatamodel */ = {isa = PBXFileReference; lastKnownFileType = wrapper.xcdatamodel; path = myo_youtube.xcdatamodel; sourceTree = "<group>"; };
		08EC5D8821021D91006C54FE /* Assets.xcassets */ = {isa = PBXFileReference; lastKnownFileType = folder.assetcatalog; path = Assets.xcassets; sourceTree = "<group>"; };
		08EC5D8B21021D91006C54FE /* Base */ = {isa = PBXFileReference; lastKnownFileType = file.storyboard; name = Base; path = Base.lproj/LaunchScreen.storyboard; sourceTree = "<group>"; };
		08EC5D8D21021D91006C54FE /* Info.plist */ = {isa = PBXFileReference; lastKnownFileType = text.plist.xml; path = Info.plist; sourceTree = "<group>"; };
		4336EB85FB07894E0F18DA53 /* Pods-myo-youtube.release.xcconfig */ = {isa = PBXFileReference; includeInIndex = 1; lastKnownFileType = text.xcconfig; name = "Pods-myo-youtube.release.xcconfig"; path = "Pods/Target Support Files/Pods-myo-youtube/Pods-myo-youtube.release.xcconfig"; sourceTree = "<group>"; };
		624C7C87B8CAC4CECC735C3E /* Pods_myo_youtube.framework */ = {isa = PBXFileReference; explicitFileType = wrapper.framework; includeInIndex = 0; path = Pods_myo_youtube.framework; sourceTree = BUILT_PRODUCTS_DIR; };
		87E2F2505CEA023AEDCC8D5C /* Pods-myo-youtube.debug.xcconfig */ = {isa = PBXFileReference; includeInIndex = 1; lastKnownFileType = text.xcconfig; name = "Pods-myo-youtube.debug.xcconfig"; path = "Pods/Target Support Files/Pods-myo-youtube/Pods-myo-youtube.debug.xcconfig"; sourceTree = "<group>"; };
/* End PBXFileReference section */

/* Begin PBXFrameworksBuildPhase section */
		08EC5D7821021D8F006C54FE /* Frameworks */ = {
			isa = PBXFrameworksBuildPhase;
			buildActionMask = 2147483647;
			files = (
				59BAC604B8A8F70B97118D44 /* Pods_myo_youtube.framework in Frameworks */,
			);
			runOnlyForDeploymentPostprocessing = 0;
		};
/* End PBXFrameworksBuildPhase section */

/* Begin PBXGroup section */
		08EC5D7221021D8F006C54FE = {
			isa = PBXGroup;
			children = (
				08EC5D7D21021D8F006C54FE /* myo-youtube */,
				08EC5D7C21021D8F006C54FE /* Products */,
				ECD92AD1EAA573BA517CAB8E /* Pods */,
				F29B1888E2F5AFB8450750AC /* Frameworks */,
			);
			sourceTree = "<group>";
		};
		08EC5D7C21021D8F006C54FE /* Products */ = {
			isa = PBXGroup;
			children = (
				08EC5D7B21021D8F006C54FE /* myo-youtube.app */,
			);
			name = Products;
			sourceTree = "<group>";
		};
		08EC5D7D21021D8F006C54FE /* myo-youtube */ = {
			isa = PBXGroup;
			children = (
				08EC5D7E21021D8F006C54FE /* AppDelegate.swift */,
				08EC5D8021021D8F006C54FE /* ViewController.swift */,
				08EC5D8221021D8F006C54FE /* Main.storyboard */,
				08EC5D8821021D91006C54FE /* Assets.xcassets */,
				08EC5D8A21021D91006C54FE /* LaunchScreen.storyboard */,
				08EC5D8D21021D91006C54FE /* Info.plist */,
				08EC5D8521021D8F006C54FE /* myo_youtube.xcdatamodeld */,
			);
			path = "myo-youtube";
			sourceTree = "<group>";
		};
		ECD92AD1EAA573BA517CAB8E /* Pods */ = {
			isa = PBXGroup;
			children = (
				87E2F2505CEA023AEDCC8D5C /* Pods-myo-youtube.debug.xcconfig */,
				4336EB85FB07894E0F18DA53 /* Pods-myo-youtube.release.xcconfig */,
			);
			name = Pods;
			sourceTree = "<group>";
		};
		F29B1888E2F5AFB8450750AC /* Frameworks */ = {
			isa = PBXGroup;
			children = (
				624C7C87B8CAC4CECC735C3E /* Pods_myo_youtube.framework */,
			);
			name = Frameworks;
			sourceTree = "<group>";
		};
/* End PBXGroup section */

/* Begin PBXNativeTarget section */
		08EC5D7A21021D8F006C54FE /* myo-youtube */ = {
			isa = PBXNativeTarget;
			buildConfigurationList = 08EC5D9021021D91006C54FE /* Build configuration list for PBXNativeTarget "myo-youtube" */;
			buildPhases = (
				72B7A13C3D3CFF18D7F094B1 /* [CP] Check Pods Manifest.lock */,
				08EC5D7721021D8F006C54FE /* Sources */,
				08EC5D7821021D8F006C54FE /* Frameworks */,
				08EC5D7921021D8F006C54FE /* Resources */,
			);
			buildRules = (
			);
			dependencies = (
			);
			name = "myo-youtube";
			productName = "myo-youtube";
			productReference = 08EC5D7B21021D8F006C54FE /* myo-youtube.app */;
			productType = "com.apple.product-type.application";
		};
/* End PBXNativeTarget section */

/* Begin PBXProject section */
		08EC5D7321021D8F006C54FE /* Project object */ = {
			isa = PBXProject;
			attributes = {
				LastSwiftUpdateCheck = 0930;
				LastUpgradeCheck = 0930;
				ORGANIZATIONNAME = artep;
				TargetAttributes = {
					08EC5D7A21021D8F006C54FE = {
						CreatedOnToolsVersion = 9.3.1;
					};
				};
			};
			buildConfigurationList = 08EC5D7621021D8F006C54FE /* Build configuration list for PBXProject "myo-youtube" */;
			compatibilityVersion = "Xcode 9.3";
			developmentRegion = en;
			hasScannedForEncodings = 0;
			knownRegions = (
				en,
				Base,
			);
			mainGroup = 08EC5D7221021D8F006C54FE;
			productRefGroup = 08EC5D7C21021D8F006C54FE /* Products */;
			projectDirPath = "";
			projectRoot = "";
			targets = (
				08EC5D7A21021D8F006C54FE /* myo-youtube */,
			);
		};
/* End PBXProject section */

/* Begin PBXResourcesBuildPhase section */
		08EC5D7921021D8F006C54FE /* Resources */ = {
			isa = PBXResourcesBuildPhase;
			buildActionMask = 2147483647;
			files = (
				08EC5D8C21021D91006C54FE /* LaunchScreen.storyboard in Resources */,
				08EC5D8921021D91006C54FE /* Assets.xcassets in Resources */,
				08EC5D8421021D8F006C54FE /* Main.storyboard in Resources */,
			);
			runOnlyForDeploymentPostprocessing = 0;
		};
/* End PBXResourcesBuildPhase section */

/* Begin PBXShellScriptBuildPhase section */
		72B7A13C3D3CFF18D7F094B1 /* [CP] Check Pods Manifest.lock */ = {
			isa = PBXShellScriptBuildPhase;
			buildActionMask = 2147483647;
			files = (
			);
			inputPaths = (
				"${PODS_PODFILE_DIR_PATH}/Podfile.lock",
				"${PODS_ROOT}/Manifest.lock",
			);
			name = "[CP] Check Pods Manifest.lock";
			outputPaths = (
				"$(DERIVED_FILE_DIR)/Pods-myo-youtube-checkManifestLockResult.txt",
			);
			runOnlyForDeploymentPostprocessing = 0;
			shellPath = /bin/sh;
			shellScript = "diff \"${PODS_PODFILE_DIR_PATH}/Podfile.lock\" \"${PODS_ROOT}/Manifest.lock\" > /dev/null\nif [ $? != 0 ] ; then\n    # print error to STDERR\n    echo \"error: The sandbox is not in sync with the Podfile.lock. Run 'pod install' or update your CocoaPods installation.\" >&2\n    exit 1\nfi\n# This output is used by Xcode 'outputs' to avoid re-running this script phase.\necho \"SUCCESS\" > \"${SCRIPT_OUTPUT_FILE_0}\"\n";
			showEnvVarsInLog = 0;
		};
/* End PBXShellScriptBuildPhase section */

/* Begin PBXSourcesBuildPhase section */
		08EC5D7721021D8F006C54FE /* Sources */ = {
			isa = PBXSourcesBuildPhase;
			buildActionMask = 2147483647;
			files = (
				08EC5D8721021D8F006C54FE /* myo_youtube.xcdatamodeld in Sources */,
				08EC5D8121021D8F006C54FE /* ViewController.swift in Sources */,
				08EC5D7F21021D8F006C54FE /* AppDelegate.swift in Sources */,
			);
			runOnlyForDeploymentPostprocessing = 0;
		};
/* End PBXSourcesBuildPhase section */

/* Begin PBXVariantGroup section */
		08EC5D8221021D8F006C54FE /* Main.storyboard */ = {
			isa = PBXVariantGroup;
			children = (
				08EC5D8321021D8F006C54FE /* Base */,
			);
			name = Main.storyboard;
			sourceTree = "<group>";
		};
		08EC5D8A21021D91006C54FE /* LaunchScreen.storyboard */ = {
			isa = PBXVariantGroup;
			children = (
				08EC5D8B21021D91006C54FE /* Base */,
			);
			name = LaunchScreen.storyboard;
			sourceTree = "<group>";
		};
/* End PBXVariantGroup section */

/* Begin XCBuildConfiguration section */
		08EC5D8E21021D91006C54FE /* Debug */ = {
			isa = XCBuildConfiguration;
			buildSettings = {
				ALWAYS_SEARCH_USER_PATHS = NO;
				CLANG_ANALYZER_NONNULL = YES;
				CLANG_ANALYZER_NUMBER_OBJECT_CONVERSION = YES_AGGRESSIVE;
				CLANG_CXX_LANGUAGE_STANDARD = "gnu++14";
				CLANG_CXX_LIBRARY = "libc++";
				CLANG_ENABLE_MODULES = YES;
				CLANG_ENABLE_OBJC_ARC = YES;
				CLANG_ENABLE_OBJC_WEAK = YES;
				CLANG_WARN_BLOCK_CAPTURE_AUTORELEASING = YES;
				CLANG_WARN_BOOL_CONVERSION = YES;
				CLANG_WARN_COMMA = YES;
				CLANG_WARN_CONSTANT_CONVERSION = YES;
				CLANG_WARN_DEPRECATED_OBJC_IMPLEMENTATIONS = YES;
				CLANG_WARN_DIRECT_OBJC_ISA_USAGE = YES_ERROR;
				CLANG_WARN_DOCUMENTATION_COMMENTS = YES;
				CLANG_WARN_EMPTY_BODY = YES;
				CLANG_WARN_ENUM_CONVERSION = YES;
				CLANG_WARN_INFINITE_RECURSION = YES;
				CLANG_WARN_INT_CONVERSION = YES;
				CLANG_WARN_NON_LITERAL_NULL_CONVERSION = YES;
				CLANG_WARN_OBJC_IMPLICIT_RETAIN_SELF = YES;
				CLANG_WARN_OBJC_LITERAL_CONVERSION = YES;
				CLANG_WARN_OBJC_ROOT_CLASS = YES_ERROR;
				CLANG_WARN_RANGE_LOOP_ANALYSIS = YES;
				CLANG_WARN_STRICT_PROTOTYPES = YES;
				CLANG_WARN_SUSPICIOUS_MOVE = YES;
				CLANG_WARN_UNGUARDED_AVAILABILITY = YES_AGGRESSIVE;
				CLANG_WARN_UNREACHABLE_CODE = YES;
				CLANG_WARN__DUPLICATE_METHOD_MATCH = YES;
				CODE_SIGN_IDENTITY = "iPhone Developer";
				COPY_PHASE_STRIP = NO;
				DEBUG_INFORMATION_FORMAT = dwarf;
				ENABLE_STRICT_OBJC_MSGSEND = YES;
				ENABLE_TESTABILITY = YES;
				GCC_C_LANGUAGE_STANDARD = gnu11;
				GCC_DYNAMIC_NO_PIC = NO;
				GCC_NO_COMMON_BLOCKS = YES;
				GCC_OPTIMIZATION_LEVEL = 0;
				GCC_PREPROCESSOR_DEFINITIONS = (
					"DEBUG=1",
					"$(inherited)",
				);
				GCC_WARN_64_TO_32_BIT_CONVERSION = YES;
				GCC_WARN_ABOUT_RETURN_TYPE = YES_ERROR;
				GCC_WARN_UNDECLARED_SELECTOR = YES;
				GCC_WARN_UNINITIALIZED_AUTOS = YES_AGGRESSIVE;
				GCC_WARN_UNUSED_FUNCTION = YES;
				GCC_WARN_UNUSED_VARIABLE = YES;
				IPHONEOS_DEPLOYMENT_TARGET = 11.3;
				MTL_ENABLE_DEBUG_INFO = YES;
				ONLY_ACTIVE_ARCH = YES;
				SDKROOT = iphoneos;
				SWIFT_ACTIVE_COMPILATION_CONDITIONS = DEBUG;
				SWIFT_OPTIMIZATION_LEVEL = "-Onone";
			};
			name = Debug;
		};
		08EC5D8F21021D91006C54FE /* Release */ = {
			isa = XCBuildConfiguration;
			buildSettings = {
				ALWAYS_SEARCH_USER_PATHS = NO;
				CLANG_ANALYZER_NONNULL = YES;
				CLANG_ANALYZER_NUMBER_OBJECT_CONVERSION = YES_AGGRESSIVE;
				CLANG_CXX_LANGUAGE_STANDARD = "gnu++14";
				CLANG_CXX_LIBRARY = "libc++";
				CLANG_ENABLE_MODULES = YES;
				CLANG_ENABLE_OBJC_ARC = YES;
				CLANG_ENABLE_OBJC_WEAK = YES;
				CLANG_WARN_BLOCK_CAPTURE_AUTORELEASING = YES;
				CLANG_WARN_BOOL_CONVERSION = YES;
				CLANG_WARN_COMMA = YES;
				CLANG_WARN_CONSTANT_CONVERSION = YES;
				CLANG_WARN_DEPRECATED_OBJC_IMPLEMENTATIONS = YES;
				CLANG_WARN_DIRECT_OBJC_ISA_USAGE = YES_ERROR;
				CLANG_WARN_DOCUMENTATION_COMMENTS = YES;
				CLANG_WARN_EMPTY_BODY = YES;
				CLANG_WARN_ENUM_CONVERSION = YES;
				CLANG_WARN_INFINITE_RECURSION = YES;
				CLANG_WARN_INT_CONVERSION = YES;
				CLANG_WARN_NON_LITERAL_NULL_CONVERSION = YES;
				CLANG_WARN_OBJC_IMPLICIT_RETAIN_SELF = YES;
				CLANG_WARN_OBJC_LITERAL_CONVERSION = YES;
				CLANG_WARN_OBJC_ROOT_CLASS = YES_ERROR;
				CLANG_WARN_RANGE_LOOP_ANALYSIS = YES;
				CLANG_WARN_STRICT_PROTOTYPES = YES;
				CLANG_WARN_SUSPICIOUS_MOVE = YES;
				CLANG_WARN_UNGUARDED_AVAILABILITY = YES_AGGRESSIVE;
				CLANG_WARN_UNREACHABLE_CODE = YES;
				CLANG_WARN__DUPLICATE_METHOD_MATCH = YES;
				CODE_SIGN_IDENTITY = "iPhone Developer";
				COPY_PHASE_STRIP = NO;
				DEBUG_INFORMATION_FORMAT = "dwarf-with-dsym";
				ENABLE_NS_ASSERTIONS = NO;
				ENABLE_STRICT_OBJC_MSGSEND = YES;
				GCC_C_LANGUAGE_STANDARD = gnu11;
				GCC_NO_COMMON_BLOCKS = YES;
				GCC_WARN_64_TO_32_BIT_CONVERSION = YES;
				GCC_WARN_ABOUT_RETURN_TYPE = YES_ERROR;
				GCC_WARN_UNDECLARED_SELECTOR = YES;
				GCC_WARN_UNINITIALIZED_AUTOS = YES_AGGRESSIVE;
				GCC_WARN_UNUSED_FUNCTION = YES;
				GCC_WARN_UNUSED_VARIABLE = YES;
				IPHONEOS_DEPLOYMENT_TARGET = 11.3;
				MTL_ENABLE_DEBUG_INFO = NO;
				SDKROOT = iphoneos;
				SWIFT_COMPILATION_MODE = wholemodule;
				SWIFT_OPTIMIZATION_LEVEL = "-O";
				VALIDATE_PRODUCT = YES;
			};
			name = Release;
		};
		08EC5D9121021D91006C54FE /* Debug */ = {
			isa = XCBuildConfiguration;
			baseConfigurationReference = 87E2F2505CEA023AEDCC8D5C /* Pods-myo-youtube.debug.xcconfig */;
			buildSettings = {
				ASSETCATALOG_COMPILER_APPICON_NAME = AppIcon;
				CODE_SIGN_STYLE = Automatic;
				INFOPLIST_FILE = "myo-youtube/Info.plist";
				LD_RUNPATH_SEARCH_PATHS = "$(inherited) @executable_path/Frameworks";
				PRODUCT_BUNDLE_IDENTIFIER = "artep.myo-youtube";
				PRODUCT_NAME = "$(TARGET_NAME)";
				SWIFT_VERSION = 4.0;
				TARGETED_DEVICE_FAMILY = "1,2";
			};
			name = Debug;
		};
		08EC5D9221021D91006C54FE /* Release */ = {
			isa = XCBuildConfiguration;
			baseConfigurationReference = 4336EB85FB07894E0F18DA53 /* Pods-myo-youtube.release.xcconfig */;
			buildSettings = {
				ASSETCATALOG_COMPILER_APPICON_NAME = AppIcon;
				CODE_SIGN_STYLE = Automatic;
				INFOPLIST_FILE = "myo-youtube/Info.plist";
				LD_RUNPATH_SEARCH_PATHS = "$(inherited) @executable_path/Frameworks";
				PRODUCT_BUNDLE_IDENTIFIER = "artep.myo-youtube";
				PRODUCT_NAME = "$(TARGET_NAME)";
				SWIFT_VERSION = 4.0;
				TARGETED_DEVICE_FAMILY = "1,2";
			};
			name = Release;
		};
/* End XCBuildConfiguration section */

/* Begin XCConfigurationList section */
		08EC5D7621021D8F006C54FE /* Build configuration list for PBXProject "myo-youtube" */ = {
			isa = XCConfigurationList;
			buildConfigurations = (
				08EC5D8E21021D91006C54FE /* Debug */,
				08EC5D8F21021D91006C54FE /* Release */,
			);
			defaultConfigurationIsVisible = 0;
			defaultConfigurationName = Release;
		};
		08EC5D9021021D91006C54FE /* Build configuration list for PBXNativeTarget "myo-youtube" */ = {
			isa = XCConfigurationList;
			buildConfigurations = (
				08EC5D9121021D91006C54FE /* Debug */,
				08EC5D9221021D91006C54FE /* Release */,
			);
			defaultConfigurationIsVisible = 0;
			defaultConfigurationName = Release;
		};
/* End XCConfigurationList section */

/* Begin XCVersionGroup section */
		08EC5D8521021D8F006C54FE /* myo_youtube.xcdatamodeld */ = {
			isa = XCVersionGroup;
			children = (
				08EC5D8621021D8F006C54FE /* myo_youtube.xcdatamodel */,
			);
			currentVersion = 08EC5D8621021D8F006C54FE /* myo_youtube.xcdatamodel */;
			path = myo_youtube.xcdatamodeld;
			sourceTree = "<group>";
			versionGroupType = wrapper.xcdatamodel;
		};
/* End XCVersionGroup section */
	};
	rootObject = 08EC5D7321021D8F006C54FE /* Project object */;
}
